PODS:
  - Flutter (1.0.0)
  - flutter_image_compress_common (1.0.0):
    - Flutter
    - Mantle
    - SDWebImage
    - SDWebImageWebPCoder
  - image_picker_ios (0.0.1):
    - Flutter
  - libwebp (1.5.0):
    - libwebp/demux (= 1.5.0)
    - libwebp/mux (= 1.5.0)
    - libwebp/sharpyuv (= 1.5.0)
    - libwebp/webp (= 1.5.0)
  - libwebp/demux (1.5.0):
    - libwebp/webp
  - libwebp/mux (1.5.0):
    - libwebp/demux
  - libwebp/sharpyuv (1.5.0)
  - libwebp/webp (1.5.0):
    - libwebp/sharpyuv
  - Mantle (2.2.0):
    - Mantle/extobjc (= 2.2.0)
  - Mantle/extobjc (2.2.0)
  - path_provider_foundation (0.0.1):
    - Flutter
    - FlutterMacOS
  - SDWebImage (5.21.0):
    - SDWebImage/Core (= 5.21.0)
  - SDWebImage/Core (5.21.0)
  - SDWebImageWebPCoder (0.14.6):
    - libwebp (~> 1.0)
    - SDWebImage/Core (~> 5.17)
  - TensorFlowLiteC (2.12.0):
    - TensorFlowLiteC/Core (= 2.12.0)
  - TensorFlowLiteC/Core (2.12.0)
  - TensorFlowLiteC/CoreML (2.12.0):
    - TensorFlowLiteC/Core
  - TensorFlowLiteC/Metal (2.12.0):
    - TensorFlowLiteC/Core
  - TensorFlowLiteSwift (2.12.0):
    - TensorFlowLiteSwift/Core (= 2.12.0)
  - TensorFlowLiteSwift/Core (2.12.0):
    - TensorFlowLiteC (= 2.12.0)
  - TensorFlowLiteSwift/CoreML (2.12.0):
    - TensorFlowLiteC/CoreML (= 2.12.0)
    - TensorFlowLiteSwift/Core (= 2.12.0)
  - TensorFlowLiteSwift/Metal (2.12.0):
    - TensorFlowLiteC/Metal (= 2.12.0)
    - TensorFlowLiteSwift/Core (= 2.12.0)
  - tflite_flutter (0.0.1):
    - Flutter
    - TensorFlowLiteSwift (= 2.12.0)
    - TensorFlowLiteSwift/CoreML (= 2.12.0)
    - TensorFlowLiteSwift/Metal (= 2.12.0)

DEPENDENCIES:
  - Flutter (from `Flutter`)
  - flutter_image_compress_common (from `.symlinks/plugins/flutter_image_compress_common/ios`)
  - image_picker_ios (from `.symlinks/plugins/image_picker_ios/ios`)
  - path_provider_foundation (from `.symlinks/plugins/path_provider_foundation/darwin`)
  - tflite_flutter (from `.symlinks/plugins/tflite_flutter/ios`)

SPEC REPOS:
  trunk:
    - libwebp
    - Mantle
    - SDWebImage
    - SDWebImageWebPCoder
    - TensorFlowLiteC
    - TensorFlowLiteSwift

EXTERNAL SOURCES:
  Flutter:
    :path: Flutter
  flutter_image_compress_common:
    :path: ".symlinks/plugins/flutter_image_compress_common/ios"
  image_picker_ios:
    :path: ".symlinks/plugins/image_picker_ios/ios"
  path_provider_foundation:
    :path: ".symlinks/plugins/path_provider_foundation/darwin"
  tflite_flutter:
    :path: ".symlinks/plugins/tflite_flutter/ios"

SPEC CHECKSUMS:
  Flutter: e0871f40cf51350855a761d2e70bf5af5b9b5de7
  flutter_image_compress_common: ec1d45c362c9d30a3f6a0426c297f47c52007e3e
  image_picker_ios: c560581cceedb403a6ff17f2f816d7fea1421fc1
  libwebp: 02b23773aedb6ff1fd38cec7a77b81414c6842a8
  Mantle: c5aa8794a29a022dfbbfc9799af95f477a69b62d
  path_provider_foundation: 2b6b4c569c0fb62ec74538f866245ac84301af46
  SDWebImage: f84b0feeb08d2d11e6a9b843cb06d75ebf5b8868
  SDWebImageWebPCoder: e38c0a70396191361d60c092933e22c20d5b1380
  TensorFlowLiteC: 20785a69299185a379ba9852b6625f00afd7984a
  TensorFlowLiteSwift: 3a4928286e9e35bdd3e17970f48e53c80d25e793
  tflite_flutter: 9433d086a3060431bbc9f3c7c20d017db0e72d08

PODFILE CHECKSUM: 4305caec6b40dde0ae97be1573c53de1882a07e5

COCOAPODS: 1.16.2
